
Microsoft Visual Studio Solution File, Format Version 12.00
# Visual Studio Version 17
VisualStudioVersion = 17.2.32526.322
MinimumVisualStudioVersion = 10.0.40219.1
Project("{9A19103F-16F7-4668-BE54-9A1E7A4F7556}") = "PeopleManagement", "PeopleManagement\PeopleManagement.csproj", "{2082BEA5-0B90-4CFE-A72A-CC42D6CCE3B2}"
EndProject
Project("{9A19103F-16F7-4668-BE54-9A1E7A4F7556}") = "DataAccess", "DataAccess\DataAccess.csproj", "{F006CB21-0300-4457-A865-C00B70C68E33}"
EndProject
Global
	GlobalSection(SolutionConfigurationPlatforms) = preSolution
		Debug|Any CPU = Debug|Any CPU
		Release|Any CPU = Release|Any CPU
	EndGlobalSection
	GlobalSection(ProjectConfigurationPlatforms) = postSolution
		{2082BEA5-0B90-4CFE-A72A-CC42D6CCE3B2}.Debug|Any CPU.ActiveCfg = Debug|Any CPU
		{2082BEA5-0B90-4CFE-A72A-CC42D6CCE3B2}.Debug|Any CPU.Build.0 = Debug|Any CPU
		{2082BEA5-0B90-4CFE-A72A-CC42D6CCE3B2}.Release|Any CPU.ActiveCfg = Release|Any CPU
		{2082BEA5-0B90-4CFE-A72A-CC42D6CCE3B2}.Release|Any CPU.Build.0 = Release|Any CPU
		{F006CB21-0300-4457-A865-C00B70C68E33}.Debug|Any CPU.ActiveCfg = Debug|Any CPU
		{F006CB21-0300-4457-A865-C00B70C68E33}.Debug|Any CPU.Build.0 = Debug|Any CPU
		{F006CB21-0300-4457-A865-C00B70C68E33}.Release|Any CPU.ActiveCfg = Release|Any CPU
		{F006CB21-0300-4457-A865-C00B70C68E33}.Release|Any CPU.Build.0 = Release|Any CPU
	EndGlobalSection
	GlobalSection(SolutionProperties) = preSolution
		HideSolutionNode = FALSE
	EndGlobalSection
	GlobalSection(ExtensibilityGlobals) = postSolution
		SolutionGuid = {7FC65588-C0CC-4C41-A4CA-F954AD28A7A9}
	EndGlobalSection
EndGlobal
